
Microsoft Visual Studio Solution File, Format Version 11.00
# Visual Studio 2010
Project("{FAE04EC0-301F-11D3-BF4B-00C04F79EFBC}") = "NeoLogging", "NeoLogging.csproj", "{74542392-1246-B571-9930-E079F63A212D}"
EndProject
Global
	GlobalSection(SolutionConfigurationPlatforms) = preSolution
		Debug|Any CPU = Debug|Any CPU
		Release|Any CPU = Release|Any CPU
	EndGlobalSection
	GlobalSection(ProjectConfigurationPlatforms) = postSolution
		{74542392-1246-B571-9930-E079F63A212D}.Debug|Any CPU.ActiveCfg = Debug|Any CPU
		{74542392-1246-B571-9930-E079F63A212D}.Debug|Any CPU.Build.0 = Debug|Any CPU
		{74542392-1246-B571-9930-E079F63A212D}.Release|Any CPU.ActiveCfg = Release|Any CPU
		{74542392-1246-B571-9930-E079F63A212D}.Release|Any CPU.Build.0 = Release|Any CPU
	EndGlobalSection
	GlobalSection(SolutionProperties) = preSolution
		HideSolutionNode = FALSE
	EndGlobalSection
EndGlobal
