
Microsoft Visual Studio Solution File, Format Version 12.00
# Visual Studio 2013
Project("{FAE04EC0-301F-11D3-BF4B-00C04F79EFBC}") = "UnityVS.NeoLogging.CSharp", "UnityVS.NeoLogging.CSharp.csproj", "{7889B809-D128-0E66-1936-6CAF753F651B}"
EndProject
Project("{FAE04EC0-301F-11D3-BF4B-00C04F79EFBC}") = "UnityVS.NeoLogging.CSharp.Editor", "UnityVS.NeoLogging.CSharp.Editor.csproj", "{0386CBFB-F1CF-F891-F29D-BFFB70027F86}"
EndProject
Global
	GlobalSection(SolutionConfigurationPlatforms) = preSolution
		Debug|Any CPU = Debug|Any CPU
		Release|Any CPU = Release|Any CPU
	EndGlobalSection
	GlobalSection(ProjectConfigurationPlatforms) = postSolution
		{7889B809-D128-0E66-1936-6CAF753F651B}.Debug|Any CPU.ActiveCfg = Debug|Any CPU
		{7889B809-D128-0E66-1936-6CAF753F651B}.Debug|Any CPU.Build.0 = Debug|Any CPU
		{7889B809-D128-0E66-1936-6CAF753F651B}.Release|Any CPU.ActiveCfg = Release|Any CPU
		{7889B809-D128-0E66-1936-6CAF753F651B}.Release|Any CPU.Build.0 = Release|Any CPU
		{0386CBFB-F1CF-F891-F29D-BFFB70027F86}.Debug|Any CPU.ActiveCfg = Debug|Any CPU
		{0386CBFB-F1CF-F891-F29D-BFFB70027F86}.Debug|Any CPU.Build.0 = Debug|Any CPU
		{0386CBFB-F1CF-F891-F29D-BFFB70027F86}.Release|Any CPU.ActiveCfg = Release|Any CPU
		{0386CBFB-F1CF-F891-F29D-BFFB70027F86}.Release|Any CPU.Build.0 = Release|Any CPU
	EndGlobalSection
	GlobalSection(SolutionProperties) = preSolution
		HideSolutionNode = FALSE
	EndGlobalSection
EndGlobal
